// !$*UTF8*$!
{
	archiveVersion = 1;
	classes = {
	};
	objectVersion = 55;
	objects = {

/* Begin PBXBuildFile section */
		046B850B278F18A900385F9D /* UserDetailViewController.swift in Sources */ = {isa = PBXBuildFile; fileRef = 046B850A278F18A900385F9D /* UserDetailViewController.swift */; };
		046B850D278F1A6100385F9D /* UserDetailViewModel.swift in Sources */ = {isa = PBXBuildFile; fileRef = 046B850C278F1A6100385F9D /* UserDetailViewModel.swift */; };
		046B850F278F1B3A00385F9D /* UserDetailViewControllerBuilder.swift in Sources */ = {isa = PBXBuildFile; fileRef = 046B850E278F1B3A00385F9D /* UserDetailViewControllerBuilder.swift */; };
		046B85D7278DFCCD00BB5E6D /* AppDelegate.swift in Sources */ = {isa = PBXBuildFile; fileRef = 046B85D6278DFCCD00BB5E6D /* AppDelegate.swift */; };
		046B85D9278DFCCD00BB5E6D /* SceneDelegate.swift in Sources */ = {isa = PBXBuildFile; fileRef = 046B85D8278DFCCD00BB5E6D /* SceneDelegate.swift */; };
		046B85DB278DFCCD00BB5E6D /* SearchUserViewController.swift in Sources */ = {isa = PBXBuildFile; fileRef = 046B85DA278DFCCD00BB5E6D /* SearchUserViewController.swift */; };
		046B85DE278DFCCD00BB5E6D /* Main.storyboard in Resources */ = {isa = PBXBuildFile; fileRef = 046B85DC278DFCCD00BB5E6D /* Main.storyboard */; };
		046B85E0278DFCD000BB5E6D /* Assets.xcassets in Resources */ = {isa = PBXBuildFile; fileRef = 046B85DF278DFCD000BB5E6D /* Assets.xcassets */; };
		046B85E3278DFCD000BB5E6D /* LaunchScreen.storyboard in Resources */ = {isa = PBXBuildFile; fileRef = 046B85E1278DFCD000BB5E6D /* LaunchScreen.storyboard */; };
		046B85EE278DFCD000BB5E6D /* SpeerTechnologiesAssignmentTests.swift in Sources */ = {isa = PBXBuildFile; fileRef = 046B85ED278DFCD000BB5E6D /* SpeerTechnologiesAssignmentTests.swift */; };
		046B85F8278DFCD000BB5E6D /* SpeerTechnologiesAssignmentUITests.swift in Sources */ = {isa = PBXBuildFile; fileRef = 046B85F7278DFCD000BB5E6D /* SpeerTechnologiesAssignmentUITests.swift */; };
		046B85FA278DFCD000BB5E6D /* SpeerTechnologiesAssignmentUITestsLaunchTests.swift in Sources */ = {isa = PBXBuildFile; fileRef = 046B85F9278DFCD000BB5E6D /* SpeerTechnologiesAssignmentUITestsLaunchTests.swift */; };
		046B8608278E06E600BB5E6D /* SearchUserViewModel.swift in Sources */ = {isa = PBXBuildFile; fileRef = 046B8607278E06E600BB5E6D /* SearchUserViewModel.swift */; };
		046B860B278E071000BB5E6D /* NoUserFoundView.xib in Resources */ = {isa = PBXBuildFile; fileRef = 046B860A278E071000BB5E6D /* NoUserFoundView.xib */; };
		046B860D278E071E00BB5E6D /* NoUserFoundView.swift in Sources */ = {isa = PBXBuildFile; fileRef = 046B860C278E071E00BB5E6D /* NoUserFoundView.swift */; };
		046B8612278E098200BB5E6D /* NetworkCallHandler.swift in Sources */ = {isa = PBXBuildFile; fileRef = 046B860F278E098200BB5E6D /* NetworkCallHandler.swift */; };
		046B8613278E098200BB5E6D /* NetworkService.swift in Sources */ = {isa = PBXBuildFile; fileRef = 046B8611278E098200BB5E6D /* NetworkService.swift */; };
		046B8621278E09CA00BB5E6D /* SearchUserResponse.swift in Sources */ = {isa = PBXBuildFile; fileRef = 046B8616278E09CA00BB5E6D /* SearchUserResponse.swift */; };
		046B8622278E09CA00BB5E6D /* SearchUserRequest.swift in Sources */ = {isa = PBXBuildFile; fileRef = 046B8617278E09CA00BB5E6D /* SearchUserRequest.swift */; };
		046B8623278E09CA00BB5E6D /* SearchUserHandler.swift in Sources */ = {isa = PBXBuildFile; fileRef = 046B8618278E09CA00BB5E6D /* SearchUserHandler.swift */; };
		046B8624278E09CA00BB5E6D /* GithubAPI.swift in Sources */ = {isa = PBXBuildFile; fileRef = 046B8619278E09CA00BB5E6D /* GithubAPI.swift */; };
		046B8627278E09CA00BB5E6D /* GetFollowersResponse.swift in Sources */ = {isa = PBXBuildFile; fileRef = 046B861D278E09CA00BB5E6D /* GetFollowersResponse.swift */; };
		046B8628278E09CA00BB5E6D /* GetFollowersRequest.swift in Sources */ = {isa = PBXBuildFile; fileRef = 046B861E278E09CA00BB5E6D /* GetFollowersRequest.swift */; };
		046B8629278E09CA00BB5E6D /* GetFollowersHandler.swift in Sources */ = {isa = PBXBuildFile; fileRef = 046B861F278E09CA00BB5E6D /* GetFollowersHandler.swift */; };
		046B862A278E09CA00BB5E6D /* APIURLProvider.swift in Sources */ = {isa = PBXBuildFile; fileRef = 046B8620278E09CA00BB5E6D /* APIURLProvider.swift */; };
		046B862D278E0F3000BB5E6D /* User.swift in Sources */ = {isa = PBXBuildFile; fileRef = 046B862C278E0F3000BB5E6D /* User.swift */; };
		046B862F278E1BB700BB5E6D /* NoUserFoundResponse.swift in Sources */ = {isa = PBXBuildFile; fileRef = 046B862E278E1BB700BB5E6D /* NoUserFoundResponse.swift */; };
		046B8631278E1F0700BB5E6D /* SearchUserSearchBarDelegate.swift in Sources */ = {isa = PBXBuildFile; fileRef = 046B8630278E1F0700BB5E6D /* SearchUserSearchBarDelegate.swift */; };
		046B8634278E202E00BB5E6D /* SearchUserSearchBarInteractor.swift in Sources */ = {isa = PBXBuildFile; fileRef = 046B8633278E202E00BB5E6D /* SearchUserSearchBarInteractor.swift */; };
		046BFEFF278EF0D60051EC63 /* IHProgressHUD in Frameworks */ = {isa = PBXBuildFile; productRef = 046BFEFE278EF0D60051EC63 /* IHProgressHUD */; };
		046BFF02278EF5370051EC63 /* Kingfisher in Frameworks */ = {isa = PBXBuildFile; productRef = 046BFF01278EF5370051EC63 /* Kingfisher */; };
		046BFF04278EF8BF0051EC63 /* NoUserFoundBuilder.swift in Sources */ = {isa = PBXBuildFile; fileRef = 046BFF03278EF8BF0051EC63 /* NoUserFoundBuilder.swift */; };
		046BFF09278F04530051EC63 /* FollowersViewModel.swift in Sources */ = {isa = PBXBuildFile; fileRef = 046BFF07278EFCC80051EC63 /* FollowersViewModel.swift */; };
		046BFF0A278F04590051EC63 /* FollowersViewController.swift in Sources */ = {isa = PBXBuildFile; fileRef = 046BFF08278EFCC80051EC63 /* FollowersViewController.swift */; };
		046BFF0C278F090A0051EC63 /* FollowerFollowingCell.swift in Sources */ = {isa = PBXBuildFile; fileRef = 046BFF0B278F090A0051EC63 /* FollowerFollowingCell.swift */; };
		046BFF0E278F0C7D0051EC63 /* SearchUserViewControllerBuilder.swift in Sources */ = {isa = PBXBuildFile; fileRef = 046BFF0D278F0C7D0051EC63 /* SearchUserViewControllerBuilder.swift */; };
		046BFF10278F0CE70051EC63 /* FollowersViewControllerBuilder.swift in Sources */ = {isa = PBXBuildFile; fileRef = 046BFF0F278F0CE70051EC63 /* FollowersViewControllerBuilder.swift */; };
/* End PBXBuildFile section */

/* Begin PBXContainerItemProxy section */
		046B85EA278DFCD000BB5E6D /* PBXContainerItemProxy */ = {
			isa = PBXContainerItemProxy;
			containerPortal = 046B85CB278DFCCD00BB5E6D /* Project object */;
			proxyType = 1;
			remoteGlobalIDString = 046B85D2278DFCCD00BB5E6D;
			remoteInfo = SpeerTechnologiesAssignment;
		};
		046B85F4278DFCD000BB5E6D /* PBXContainerItemProxy */ = {
			isa = PBXContainerItemProxy;
			containerPortal = 046B85CB278DFCCD00BB5E6D /* Project object */;
			proxyType = 1;
			remoteGlobalIDString = 046B85D2278DFCCD00BB5E6D;
			remoteInfo = SpeerTechnologiesAssignment;
		};
/* End PBXContainerItemProxy section */

/* Begin PBXFileReference section */
		046B850A278F18A900385F9D /* UserDetailViewController.swift */ = {isa = PBXFileReference; lastKnownFileType = sourcecode.swift; path = UserDetailViewController.swift; sourceTree = "<group>"; };
		046B850C278F1A6100385F9D /* UserDetailViewModel.swift */ = {isa = PBXFileReference; lastKnownFileType = sourcecode.swift; path = UserDetailViewModel.swift; sourceTree = "<group>"; };
		046B850E278F1B3A00385F9D /* UserDetailViewControllerBuilder.swift */ = {isa = PBXFileReference; lastKnownFileType = sourcecode.swift; path = UserDetailViewControllerBuilder.swift; sourceTree = "<group>"; };
		046B85D3278DFCCD00BB5E6D /* SpeerTechnologiesAssignment.app */ = {isa = PBXFileReference; explicitFileType = wrapper.application; includeInIndex = 0; path = SpeerTechnologiesAssignment.app; sourceTree = BUILT_PRODUCTS_DIR; };
		046B85D6278DFCCD00BB5E6D /* AppDelegate.swift */ = {isa = PBXFileReference; lastKnownFileType = sourcecode.swift; path = AppDelegate.swift; sourceTree = "<group>"; };
		046B85D8278DFCCD00BB5E6D /* SceneDelegate.swift */ = {isa = PBXFileReference; lastKnownFileType = sourcecode.swift; path = SceneDelegate.swift; sourceTree = "<group>"; };
		046B85DA278DFCCD00BB5E6D /* SearchUserViewController.swift */ = {isa = PBXFileReference; lastKnownFileType = sourcecode.swift; path = SearchUserViewController.swift; sourceTree = "<group>"; };
		046B85DD278DFCCD00BB5E6D /* Base */ = {isa = PBXFileReference; lastKnownFileType = file.storyboard; name = Base; path = Base.lproj/Main.storyboard; sourceTree = "<group>"; };
		046B85DF278DFCD000BB5E6D /* Assets.xcassets */ = {isa = PBXFileReference; lastKnownFileType = folder.assetcatalog; path = Assets.xcassets; sourceTree = "<group>"; };
		046B85E2278DFCD000BB5E6D /* Base */ = {isa = PBXFileReference; lastKnownFileType = file.storyboard; name = Base; path = Base.lproj/LaunchScreen.storyboard; sourceTree = "<group>"; };
		046B85E4278DFCD000BB5E6D /* Info.plist */ = {isa = PBXFileReference; lastKnownFileType = text.plist.xml; path = Info.plist; sourceTree = "<group>"; };
		046B85E9278DFCD000BB5E6D /* SpeerTechnologiesAssignmentTests.xctest */ = {isa = PBXFileReference; explicitFileType = wrapper.cfbundle; includeInIndex = 0; path = SpeerTechnologiesAssignmentTests.xctest; sourceTree = BUILT_PRODUCTS_DIR; };
		046B85ED278DFCD000BB5E6D /* SpeerTechnologiesAssignmentTests.swift */ = {isa = PBXFileReference; lastKnownFileType = sourcecode.swift; path = SpeerTechnologiesAssignmentTests.swift; sourceTree = "<group>"; };
		046B85F3278DFCD000BB5E6D /* SpeerTechnologiesAssignmentUITests.xctest */ = {isa = PBXFileReference; explicitFileType = wrapper.cfbundle; includeInIndex = 0; path = SpeerTechnologiesAssignmentUITests.xctest; sourceTree = BUILT_PRODUCTS_DIR; };
		046B85F7278DFCD000BB5E6D /* SpeerTechnologiesAssignmentUITests.swift */ = {isa = PBXFileReference; lastKnownFileType = sourcecode.swift; path = SpeerTechnologiesAssignmentUITests.swift; sourceTree = "<group>"; };
		046B85F9278DFCD000BB5E6D /* SpeerTechnologiesAssignmentUITestsLaunchTests.swift */ = {isa = PBXFileReference; lastKnownFileType = sourcecode.swift; path = SpeerTechnologiesAssignmentUITestsLaunchTests.swift; sourceTree = "<group>"; };
		046B8607278E06E600BB5E6D /* SearchUserViewModel.swift */ = {isa = PBXFileReference; lastKnownFileType = sourcecode.swift; path = SearchUserViewModel.swift; sourceTree = "<group>"; };
		046B860A278E071000BB5E6D /* NoUserFoundView.xib */ = {isa = PBXFileReference; lastKnownFileType = file.xib; path = NoUserFoundView.xib; sourceTree = "<group>"; };
		046B860C278E071E00BB5E6D /* NoUserFoundView.swift */ = {isa = PBXFileReference; lastKnownFileType = sourcecode.swift; path = NoUserFoundView.swift; sourceTree = "<group>"; };
		046B860F278E098200BB5E6D /* NetworkCallHandler.swift */ = {isa = PBXFileReference; fileEncoding = 4; lastKnownFileType = sourcecode.swift; path = NetworkCallHandler.swift; sourceTree = "<group>"; };
		046B8611278E098200BB5E6D /* NetworkService.swift */ = {isa = PBXFileReference; fileEncoding = 4; lastKnownFileType = sourcecode.swift; path = NetworkService.swift; sourceTree = "<group>"; };
		046B8616278E09CA00BB5E6D /* SearchUserResponse.swift */ = {isa = PBXFileReference; fileEncoding = 4; lastKnownFileType = sourcecode.swift; path = SearchUserResponse.swift; sourceTree = "<group>"; };
		046B8617278E09CA00BB5E6D /* SearchUserRequest.swift */ = {isa = PBXFileReference; fileEncoding = 4; lastKnownFileType = sourcecode.swift; path = SearchUserRequest.swift; sourceTree = "<group>"; };
		046B8618278E09CA00BB5E6D /* SearchUserHandler.swift */ = {isa = PBXFileReference; fileEncoding = 4; lastKnownFileType = sourcecode.swift; path = SearchUserHandler.swift; sourceTree = "<group>"; };
		046B8619278E09CA00BB5E6D /* GithubAPI.swift */ = {isa = PBXFileReference; fileEncoding = 4; lastKnownFileType = sourcecode.swift; path = GithubAPI.swift; sourceTree = "<group>"; };
		046B861D278E09CA00BB5E6D /* GetFollowersResponse.swift */ = {isa = PBXFileReference; fileEncoding = 4; lastKnownFileType = sourcecode.swift; path = GetFollowersResponse.swift; sourceTree = "<group>"; };
		046B861E278E09CA00BB5E6D /* GetFollowersRequest.swift */ = {isa = PBXFileReference; fileEncoding = 4; lastKnownFileType = sourcecode.swift; path = GetFollowersRequest.swift; sourceTree = "<group>"; };
		046B861F278E09CA00BB5E6D /* GetFollowersHandler.swift */ = {isa = PBXFileReference; fileEncoding = 4; lastKnownFileType = sourcecode.swift; path = GetFollowersHandler.swift; sourceTree = "<group>"; };
		046B8620278E09CA00BB5E6D /* APIURLProvider.swift */ = {isa = PBXFileReference; fileEncoding = 4; lastKnownFileType = sourcecode.swift; path = APIURLProvider.swift; sourceTree = "<group>"; };
		046B862C278E0F3000BB5E6D /* User.swift */ = {isa = PBXFileReference; lastKnownFileType = sourcecode.swift; path = User.swift; sourceTree = "<group>"; };
		046B862E278E1BB700BB5E6D /* NoUserFoundResponse.swift */ = {isa = PBXFileReference; lastKnownFileType = sourcecode.swift; path = NoUserFoundResponse.swift; sourceTree = "<group>"; };
		046B8630278E1F0700BB5E6D /* SearchUserSearchBarDelegate.swift */ = {isa = PBXFileReference; lastKnownFileType = sourcecode.swift; path = SearchUserSearchBarDelegate.swift; sourceTree = "<group>"; };
		046B8633278E202E00BB5E6D /* SearchUserSearchBarInteractor.swift */ = {isa = PBXFileReference; lastKnownFileType = sourcecode.swift; path = SearchUserSearchBarInteractor.swift; sourceTree = "<group>"; };
		046BFF03278EF8BF0051EC63 /* NoUserFoundBuilder.swift */ = {isa = PBXFileReference; lastKnownFileType = sourcecode.swift; path = NoUserFoundBuilder.swift; sourceTree = "<group>"; };
		046BFF07278EFCC80051EC63 /* FollowersViewModel.swift */ = {isa = PBXFileReference; lastKnownFileType = sourcecode.swift; path = FollowersViewModel.swift; sourceTree = "<group>"; };
		046BFF08278EFCC80051EC63 /* FollowersViewController.swift */ = {isa = PBXFileReference; lastKnownFileType = sourcecode.swift; path = FollowersViewController.swift; sourceTree = "<group>"; };
		046BFF0B278F090A0051EC63 /* FollowerFollowingCell.swift */ = {isa = PBXFileReference; lastKnownFileType = sourcecode.swift; path = FollowerFollowingCell.swift; sourceTree = "<group>"; };
		046BFF0D278F0C7D0051EC63 /* SearchUserViewControllerBuilder.swift */ = {isa = PBXFileReference; lastKnownFileType = sourcecode.swift; path = SearchUserViewControllerBuilder.swift; sourceTree = "<group>"; };
		046BFF0F278F0CE70051EC63 /* FollowersViewControllerBuilder.swift */ = {isa = PBXFileReference; lastKnownFileType = sourcecode.swift; path = FollowersViewControllerBuilder.swift; sourceTree = "<group>"; };
/* End PBXFileReference section */

/* Begin PBXFrameworksBuildPhase section */
		046B85D0278DFCCD00BB5E6D /* Frameworks */ = {
			isa = PBXFrameworksBuildPhase;
			buildActionMask = 2147483647;
			files = (
				046BFF02278EF5370051EC63 /* Kingfisher in Frameworks */,
				046BFEFF278EF0D60051EC63 /* IHProgressHUD in Frameworks */,
			);
			runOnlyForDeploymentPostprocessing = 0;
		};
		046B85E6278DFCD000BB5E6D /* Frameworks */ = {
			isa = PBXFrameworksBuildPhase;
			buildActionMask = 2147483647;
			files = (
			);
			runOnlyForDeploymentPostprocessing = 0;
		};
		046B85F0278DFCD000BB5E6D /* Frameworks */ = {
			isa = PBXFrameworksBuildPhase;
			buildActionMask = 2147483647;
			files = (
			);
			runOnlyForDeploymentPostprocessing = 0;
		};
/* End PBXFrameworksBuildPhase section */

/* Begin PBXGroup section */
		046B8508278F188F00385F9D /* Views */ = {
			isa = PBXGroup;
			children = (
				046B8509278F189800385F9D /* UserDetail */,
				046BFF05278EFCA20051EC63 /* FollowersView */,
				046B8606278E06D600BB5E6D /* SearchUser */,
			);
			path = Views;
			sourceTree = "<group>";
		};
		046B8509278F189800385F9D /* UserDetail */ = {
			isa = PBXGroup;
			children = (
				046B850A278F18A900385F9D /* UserDetailViewController.swift */,
				046B850C278F1A6100385F9D /* UserDetailViewModel.swift */,
				046B850E278F1B3A00385F9D /* UserDetailViewControllerBuilder.swift */,
			);
			path = UserDetail;
			sourceTree = "<group>";
		};
		046B85CA278DFCCD00BB5E6D = {
			isa = PBXGroup;
			children = (
				046B85D5278DFCCD00BB5E6D /* SpeerTechnologiesAssignment */,
				046B85EC278DFCD000BB5E6D /* SpeerTechnologiesAssignmentTests */,
				046B85F6278DFCD000BB5E6D /* SpeerTechnologiesAssignmentUITests */,
				046B85D4278DFCCD00BB5E6D /* Products */,
			);
			sourceTree = "<group>";
		};
		046B85D4278DFCCD00BB5E6D /* Products */ = {
			isa = PBXGroup;
			children = (
				046B85D3278DFCCD00BB5E6D /* SpeerTechnologiesAssignment.app */,
				046B85E9278DFCD000BB5E6D /* SpeerTechnologiesAssignmentTests.xctest */,
				046B85F3278DFCD000BB5E6D /* SpeerTechnologiesAssignmentUITests.xctest */,
			);
			name = Products;
			sourceTree = "<group>";
		};
		046B85D5278DFCCD00BB5E6D /* SpeerTechnologiesAssignment */ = {
			isa = PBXGroup;
			children = (
				046B85D6278DFCCD00BB5E6D /* AppDelegate.swift */,
				046B85D8278DFCCD00BB5E6D /* SceneDelegate.swift */,
				046B862B278E0EF300BB5E6D /* Models */,
				046B8614278E09CA00BB5E6D /* NetworkCalls */,
				046B860E278E098100BB5E6D /* NetworkLayer */,
				046B8610278E098200BB5E6D /* NetworkService */,
				046B8508278F188F00385F9D /* Views */,
				046B85DC278DFCCD00BB5E6D /* Main.storyboard */,
				046B85DF278DFCD000BB5E6D /* Assets.xcassets */,
				046B85E1278DFCD000BB5E6D /* LaunchScreen.storyboard */,
				046B85E4278DFCD000BB5E6D /* Info.plist */,
			);
			path = SpeerTechnologiesAssignment;
			sourceTree = "<group>";
		};
		046B85EC278DFCD000BB5E6D /* SpeerTechnologiesAssignmentTests */ = {
			isa = PBXGroup;
			children = (
				046B85ED278DFCD000BB5E6D /* SpeerTechnologiesAssignmentTests.swift */,
			);
			path = SpeerTechnologiesAssignmentTests;
			sourceTree = "<group>";
		};
		046B85F6278DFCD000BB5E6D /* SpeerTechnologiesAssignmentUITests */ = {
			isa = PBXGroup;
			children = (
				046B85F7278DFCD000BB5E6D /* SpeerTechnologiesAssignmentUITests.swift */,
				046B85F9278DFCD000BB5E6D /* SpeerTechnologiesAssignmentUITestsLaunchTests.swift */,
			);
			path = SpeerTechnologiesAssignmentUITests;
			sourceTree = "<group>";
		};
		046B8606278E06D600BB5E6D /* SearchUser */ = {
			isa = PBXGroup;
			children = (
				046B8632278E200900BB5E6D /* SearchBar */,
				046B8609278E06F800BB5E6D /* No User Found View */,
				046B85DA278DFCCD00BB5E6D /* SearchUserViewController.swift */,
				046B8607278E06E600BB5E6D /* SearchUserViewModel.swift */,
				046BFF0D278F0C7D0051EC63 /* SearchUserViewControllerBuilder.swift */,
			);
			path = SearchUser;
			sourceTree = "<group>";
		};
		046B8609278E06F800BB5E6D /* No User Found View */ = {
			isa = PBXGroup;
			children = (
				046B860A278E071000BB5E6D /* NoUserFoundView.xib */,
				046B860C278E071E00BB5E6D /* NoUserFoundView.swift */,
				046BFF03278EF8BF0051EC63 /* NoUserFoundBuilder.swift */,
			);
			path = "No User Found View";
			sourceTree = "<group>";
		};
		046B860E278E098100BB5E6D /* NetworkLayer */ = {
			isa = PBXGroup;
			children = (
				046B8620278E09CA00BB5E6D /* APIURLProvider.swift */,
				046B8619278E09CA00BB5E6D /* GithubAPI.swift */,
				046B860F278E098200BB5E6D /* NetworkCallHandler.swift */,
			);
			path = NetworkLayer;
			sourceTree = "<group>";
		};
		046B8610278E098200BB5E6D /* NetworkService */ = {
			isa = PBXGroup;
			children = (
				046B8611278E098200BB5E6D /* NetworkService.swift */,
			);
			path = NetworkService;
			sourceTree = "<group>";
		};
		046B8614278E09CA00BB5E6D /* NetworkCalls */ = {
			isa = PBXGroup;
			children = (
				046B8615278E09CA00BB5E6D /* SearchUserAPI */,
				046B861C278E09CA00BB5E6D /* GetFollowersAPI */,
			);
			path = NetworkCalls;
			sourceTree = "<group>";
		};
		046B8615278E09CA00BB5E6D /* SearchUserAPI */ = {
			isa = PBXGroup;
			children = (
				046B862E278E1BB700BB5E6D /* NoUserFoundResponse.swift */,
				046B8616278E09CA00BB5E6D /* SearchUserResponse.swift */,
				046B8617278E09CA00BB5E6D /* SearchUserRequest.swift */,
				046B8618278E09CA00BB5E6D /* SearchUserHandler.swift */,
			);
			path = SearchUserAPI;
			sourceTree = "<group>";
		};
		046B861C278E09CA00BB5E6D /* GetFollowersAPI */ = {
			isa = PBXGroup;
			children = (
				046B861D278E09CA00BB5E6D /* GetFollowersResponse.swift */,
				046B861E278E09CA00BB5E6D /* GetFollowersRequest.swift */,
				046B861F278E09CA00BB5E6D /* GetFollowersHandler.swift */,
			);
			path = GetFollowersAPI;
			sourceTree = "<group>";
		};
		046B862B278E0EF300BB5E6D /* Models */ = {
			isa = PBXGroup;
			children = (
				046B862C278E0F3000BB5E6D /* User.swift */,
			);
			path = Models;
			sourceTree = "<group>";
		};
		046B8632278E200900BB5E6D /* SearchBar */ = {
			isa = PBXGroup;
			children = (
				046B8630278E1F0700BB5E6D /* SearchUserSearchBarDelegate.swift */,
				046B8633278E202E00BB5E6D /* SearchUserSearchBarInteractor.swift */,
			);
			path = SearchBar;
			sourceTree = "<group>";
		};
		046BFF05278EFCA20051EC63 /* FollowersView */ = {
			isa = PBXGroup;
			children = (
				046BFF08278EFCC80051EC63 /* FollowersViewController.swift */,
				046BFF07278EFCC80051EC63 /* FollowersViewModel.swift */,
				046BFF0B278F090A0051EC63 /* FollowerFollowingCell.swift */,
				046BFF0F278F0CE70051EC63 /* FollowersViewControllerBuilder.swift */,
			);
			path = FollowersView;
			sourceTree = "<group>";
		};
/* End PBXGroup section */

/* Begin PBXNativeTarget section */
		046B85D2278DFCCD00BB5E6D /* SpeerTechnologiesAssignment */ = {
			isa = PBXNativeTarget;
			buildConfigurationList = 046B85FD278DFCD000BB5E6D /* Build configuration list for PBXNativeTarget "SpeerTechnologiesAssignment" */;
			buildPhases = (
				046B85CF278DFCCD00BB5E6D /* Sources */,
				046B85D0278DFCCD00BB5E6D /* Frameworks */,
				046B85D1278DFCCD00BB5E6D /* Resources */,
			);
			buildRules = (
			);
			dependencies = (
			);
			name = SpeerTechnologiesAssignment;
			packageProductDependencies = (
				046BFEFE278EF0D60051EC63 /* IHProgressHUD */,
				046BFF01278EF5370051EC63 /* Kingfisher */,
			);
			productName = SpeerTechnologiesAssignment;
			productReference = 046B85D3278DFCCD00BB5E6D /* SpeerTechnologiesAssignment.app */;
			productType = "com.apple.product-type.application";
		};
		046B85E8278DFCD000BB5E6D /* SpeerTechnologiesAssignmentTests */ = {
			isa = PBXNativeTarget;
			buildConfigurationList = 046B8600278DFCD000BB5E6D /* Build configuration list for PBXNativeTarget "SpeerTechnologiesAssignmentTests" */;
			buildPhases = (
				046B85E5278DFCD000BB5E6D /* Sources */,
				046B85E6278DFCD000BB5E6D /* Frameworks */,
				046B85E7278DFCD000BB5E6D /* Resources */,
			);
			buildRules = (
			);
			dependencies = (
				046B85EB278DFCD000BB5E6D /* PBXTargetDependency */,
			);
			name = SpeerTechnologiesAssignmentTests;
			productName = SpeerTechnologiesAssignmentTests;
			productReference = 046B85E9278DFCD000BB5E6D /* SpeerTechnologiesAssignmentTests.xctest */;
			productType = "com.apple.product-type.bundle.unit-test";
		};
		046B85F2278DFCD000BB5E6D /* SpeerTechnologiesAssignmentUITests */ = {
			isa = PBXNativeTarget;
			buildConfigurationList = 046B8603278DFCD000BB5E6D /* Build configuration list for PBXNativeTarget "SpeerTechnologiesAssignmentUITests" */;
			buildPhases = (
				046B85EF278DFCD000BB5E6D /* Sources */,
				046B85F0278DFCD000BB5E6D /* Frameworks */,
				046B85F1278DFCD000BB5E6D /* Resources */,
			);
			buildRules = (
			);
			dependencies = (
				046B85F5278DFCD000BB5E6D /* PBXTargetDependency */,
			);
			name = SpeerTechnologiesAssignmentUITests;
			productName = SpeerTechnologiesAssignmentUITests;
			productReference = 046B85F3278DFCD000BB5E6D /* SpeerTechnologiesAssignmentUITests.xctest */;
			productType = "com.apple.product-type.bundle.ui-testing";
		};
/* End PBXNativeTarget section */

/* Begin PBXProject section */
		046B85CB278DFCCD00BB5E6D /* Project object */ = {
			isa = PBXProject;
			attributes = {
				BuildIndependentTargetsInParallel = 1;
				LastSwiftUpdateCheck = 1310;
				LastUpgradeCheck = 1310;
				TargetAttributes = {
					046B85D2278DFCCD00BB5E6D = {
						CreatedOnToolsVersion = 13.1;
					};
					046B85E8278DFCD000BB5E6D = {
						CreatedOnToolsVersion = 13.1;
						TestTargetID = 046B85D2278DFCCD00BB5E6D;
					};
					046B85F2278DFCD000BB5E6D = {
						CreatedOnToolsVersion = 13.1;
						TestTargetID = 046B85D2278DFCCD00BB5E6D;
					};
				};
			};
			buildConfigurationList = 046B85CE278DFCCD00BB5E6D /* Build configuration list for PBXProject "SpeerTechnologiesAssignment" */;
			compatibilityVersion = "Xcode 13.0";
			developmentRegion = en;
			hasScannedForEncodings = 0;
			knownRegions = (
				en,
				Base,
			);
			mainGroup = 046B85CA278DFCCD00BB5E6D;
			packageReferences = (
				046BFEFD278EF0D60051EC63 /* XCRemoteSwiftPackageReference "IHProgressHUD" */,
				046BFF00278EF5370051EC63 /* XCRemoteSwiftPackageReference "Kingfisher" */,
			);
			productRefGroup = 046B85D4278DFCCD00BB5E6D /* Products */;
			projectDirPath = "";
			projectRoot = "";
			targets = (
				046B85D2278DFCCD00BB5E6D /* SpeerTechnologiesAssignment */,
				046B85E8278DFCD000BB5E6D /* SpeerTechnologiesAssignmentTests */,
				046B85F2278DFCD000BB5E6D /* SpeerTechnologiesAssignmentUITests */,
			);
		};
/* End PBXProject section */

/* Begin PBXResourcesBuildPhase section */
		046B85D1278DFCCD00BB5E6D /* Resources */ = {
			isa = PBXResourcesBuildPhase;
			buildActionMask = 2147483647;
			files = (
				046B85E3278DFCD000BB5E6D /* LaunchScreen.storyboard in Resources */,
				046B85E0278DFCD000BB5E6D /* Assets.xcassets in Resources */,
				046B85DE278DFCCD00BB5E6D /* Main.storyboard in Resources */,
				046B860B278E071000BB5E6D /* NoUserFoundView.xib in Resources */,
			);
			runOnlyForDeploymentPostprocessing = 0;
		};
		046B85E7278DFCD000BB5E6D /* Resources */ = {
			isa = PBXResourcesBuildPhase;
			buildActionMask = 2147483647;
			files = (
			);
			runOnlyForDeploymentPostprocessing = 0;
		};
		046B85F1278DFCD000BB5E6D /* Resources */ = {
			isa = PBXResourcesBuildPhase;
			buildActionMask = 2147483647;
			files = (
			);
			runOnlyForDeploymentPostprocessing = 0;
		};
/* End PBXResourcesBuildPhase section */

/* Begin PBXSourcesBuildPhase section */
		046B85CF278DFCCD00BB5E6D /* Sources */ = {
			isa = PBXSourcesBuildPhase;
			buildActionMask = 2147483647;
			files = (
				046B8627278E09CA00BB5E6D /* GetFollowersResponse.swift in Sources */,
				046B85DB278DFCCD00BB5E6D /* SearchUserViewController.swift in Sources */,
				046B850B278F18A900385F9D /* UserDetailViewController.swift in Sources */,
				046B8629278E09CA00BB5E6D /* GetFollowersHandler.swift in Sources */,
				046BFF0E278F0C7D0051EC63 /* SearchUserViewControllerBuilder.swift in Sources */,
				046B8634278E202E00BB5E6D /* SearchUserSearchBarInteractor.swift in Sources */,
				046B8608278E06E600BB5E6D /* SearchUserViewModel.swift in Sources */,
				046B85D7278DFCCD00BB5E6D /* AppDelegate.swift in Sources */,
				046BFF0A278F04590051EC63 /* FollowersViewController.swift in Sources */,
				046B850D278F1A6100385F9D /* UserDetailViewModel.swift in Sources */,
				046BFF04278EF8BF0051EC63 /* NoUserFoundBuilder.swift in Sources */,
				046BFF10278F0CE70051EC63 /* FollowersViewControllerBuilder.swift in Sources */,
				046B850F278F1B3A00385F9D /* UserDetailViewControllerBuilder.swift in Sources */,
				046BFF0C278F090A0051EC63 /* FollowerFollowingCell.swift in Sources */,
				046B8624278E09CA00BB5E6D /* GithubAPI.swift in Sources */,
				046B862F278E1BB700BB5E6D /* NoUserFoundResponse.swift in Sources */,
				046B8631278E1F0700BB5E6D /* SearchUserSearchBarDelegate.swift in Sources */,
				046BFF09278F04530051EC63 /* FollowersViewModel.swift in Sources */,
				046B85D9278DFCCD00BB5E6D /* SceneDelegate.swift in Sources */,
				046B862D278E0F3000BB5E6D /* User.swift in Sources */,
				046B8622278E09CA00BB5E6D /* SearchUserRequest.swift in Sources */,
				046B8628278E09CA00BB5E6D /* GetFollowersRequest.swift in Sources */,
				046B8621278E09CA00BB5E6D /* SearchUserResponse.swift in Sources */,
				046B862A278E09CA00BB5E6D /* APIURLProvider.swift in Sources */,
				046B860D278E071E00BB5E6D /* NoUserFoundView.swift in Sources */,
				046B8612278E098200BB5E6D /* NetworkCallHandler.swift in Sources */,
				046B8623278E09CA00BB5E6D /* SearchUserHandler.swift in Sources */,
				046B8613278E098200BB5E6D /* NetworkService.swift in Sources */,
			);
			runOnlyForDeploymentPostprocessing = 0;
		};
		046B85E5278DFCD000BB5E6D /* Sources */ = {
			isa = PBXSourcesBuildPhase;
			buildActionMask = 2147483647;
			files = (
				046B85EE278DFCD000BB5E6D /* SpeerTechnologiesAssignmentTests.swift in Sources */,
			);
			runOnlyForDeploymentPostprocessing = 0;
		};
		046B85EF278DFCD000BB5E6D /* Sources */ = {
			isa = PBXSourcesBuildPhase;
			buildActionMask = 2147483647;
			files = (
				046B85F8278DFCD000BB5E6D /* SpeerTechnologiesAssignmentUITests.swift in Sources */,
				046B85FA278DFCD000BB5E6D /* SpeerTechnologiesAssignmentUITestsLaunchTests.swift in Sources */,
			);
			runOnlyForDeploymentPostprocessing = 0;
		};
/* End PBXSourcesBuildPhase section */

/* Begin PBXTargetDependency section */
		046B85EB278DFCD000BB5E6D /* PBXTargetDependency */ = {
			isa = PBXTargetDependency;
			target = 046B85D2278DFCCD00BB5E6D /* SpeerTechnologiesAssignment */;
			targetProxy = 046B85EA278DFCD000BB5E6D /* PBXContainerItemProxy */;
		};
		046B85F5278DFCD000BB5E6D /* PBXTargetDependency */ = {
			isa = PBXTargetDependency;
			target = 046B85D2278DFCCD00BB5E6D /* SpeerTechnologiesAssignment */;
			targetProxy = 046B85F4278DFCD000BB5E6D /* PBXContainerItemProxy */;
		};
/* End PBXTargetDependency section */

/* Begin PBXVariantGroup section */
		046B85DC278DFCCD00BB5E6D /* Main.storyboard */ = {
			isa = PBXVariantGroup;
			children = (
				046B85DD278DFCCD00BB5E6D /* Base */,
			);
			name = Main.storyboard;
			sourceTree = "<group>";
		};
		046B85E1278DFCD000BB5E6D /* LaunchScreen.storyboard */ = {
			isa = PBXVariantGroup;
			children = (
				046B85E2278DFCD000BB5E6D /* Base */,
			);
			name = LaunchScreen.storyboard;
			sourceTree = "<group>";
		};
/* End PBXVariantGroup section */

/* Begin XCBuildConfiguration section */
		046B85FB278DFCD000BB5E6D /* Debug */ = {
			isa = XCBuildConfiguration;
			buildSettings = {
				ALWAYS_SEARCH_USER_PATHS = NO;
				CLANG_ANALYZER_NONNULL = YES;
				CLANG_ANALYZER_NUMBER_OBJECT_CONVERSION = YES_AGGRESSIVE;
				CLANG_CXX_LANGUAGE_STANDARD = "gnu++17";
				CLANG_CXX_LIBRARY = "libc++";
				CLANG_ENABLE_MODULES = YES;
				CLANG_ENABLE_OBJC_ARC = YES;
				CLANG_ENABLE_OBJC_WEAK = YES;
				CLANG_WARN_BLOCK_CAPTURE_AUTORELEASING = YES;
				CLANG_WARN_BOOL_CONVERSION = YES;
				CLANG_WARN_COMMA = YES;
				CLANG_WARN_CONSTANT_CONVERSION = YES;
				CLANG_WARN_DEPRECATED_OBJC_IMPLEMENTATIONS = YES;
				CLANG_WARN_DIRECT_OBJC_ISA_USAGE = YES_ERROR;
				CLANG_WARN_DOCUMENTATION_COMMENTS = YES;
				CLANG_WARN_EMPTY_BODY = YES;
				CLANG_WARN_ENUM_CONVERSION = YES;
				CLANG_WARN_INFINITE_RECURSION = YES;
				CLANG_WARN_INT_CONVERSION = YES;
				CLANG_WARN_NON_LITERAL_NULL_CONVERSION = YES;
				CLANG_WARN_OBJC_IMPLICIT_RETAIN_SELF = YES;
				CLANG_WARN_OBJC_LITERAL_CONVERSION = YES;
				CLANG_WARN_OBJC_ROOT_CLASS = YES_ERROR;
				CLANG_WARN_QUOTED_INCLUDE_IN_FRAMEWORK_HEADER = YES;
				CLANG_WARN_RANGE_LOOP_ANALYSIS = YES;
				CLANG_WARN_STRICT_PROTOTYPES = YES;
				CLANG_WARN_SUSPICIOUS_MOVE = YES;
				CLANG_WARN_UNGUARDED_AVAILABILITY = YES_AGGRESSIVE;
				CLANG_WARN_UNREACHABLE_CODE = YES;
				CLANG_WARN__DUPLICATE_METHOD_MATCH = YES;
				COPY_PHASE_STRIP = NO;
				DEBUG_INFORMATION_FORMAT = dwarf;
				ENABLE_STRICT_OBJC_MSGSEND = YES;
				ENABLE_TESTABILITY = YES;
				GCC_C_LANGUAGE_STANDARD = gnu11;
				GCC_DYNAMIC_NO_PIC = NO;
				GCC_NO_COMMON_BLOCKS = YES;
				GCC_OPTIMIZATION_LEVEL = 0;
				GCC_PREPROCESSOR_DEFINITIONS = (
					"DEBUG=1",
					"$(inherited)",
				);
				GCC_WARN_64_TO_32_BIT_CONVERSION = YES;
				GCC_WARN_ABOUT_RETURN_TYPE = YES_ERROR;
				GCC_WARN_UNDECLARED_SELECTOR = YES;
				GCC_WARN_UNINITIALIZED_AUTOS = YES_AGGRESSIVE;
				GCC_WARN_UNUSED_FUNCTION = YES;
				GCC_WARN_UNUSED_VARIABLE = YES;
				IPHONEOS_DEPLOYMENT_TARGET = 15.0;
				MTL_ENABLE_DEBUG_INFO = INCLUDE_SOURCE;
				MTL_FAST_MATH = YES;
				ONLY_ACTIVE_ARCH = YES;
				SDKROOT = iphoneos;
				SWIFT_ACTIVE_COMPILATION_CONDITIONS = DEBUG;
				SWIFT_OPTIMIZATION_LEVEL = "-Onone";
			};
			name = Debug;
		};
		046B85FC278DFCD000BB5E6D /* Release */ = {
			isa = XCBuildConfiguration;
			buildSettings = {
				ALWAYS_SEARCH_USER_PATHS = NO;
				CLANG_ANALYZER_NONNULL = YES;
				CLANG_ANALYZER_NUMBER_OBJECT_CONVERSION = YES_AGGRESSIVE;
				CLANG_CXX_LANGUAGE_STANDARD = "gnu++17";
				CLANG_CXX_LIBRARY = "libc++";
				CLANG_ENABLE_MODULES = YES;
				CLANG_ENABLE_OBJC_ARC = YES;
				CLANG_ENABLE_OBJC_WEAK = YES;
				CLANG_WARN_BLOCK_CAPTURE_AUTORELEASING = YES;
				CLANG_WARN_BOOL_CONVERSION = YES;
				CLANG_WARN_COMMA = YES;
				CLANG_WARN_CONSTANT_CONVERSION = YES;
				CLANG_WARN_DEPRECATED_OBJC_IMPLEMENTATIONS = YES;
				CLANG_WARN_DIRECT_OBJC_ISA_USAGE = YES_ERROR;
				CLANG_WARN_DOCUMENTATION_COMMENTS = YES;
				CLANG_WARN_EMPTY_BODY = YES;
				CLANG_WARN_ENUM_CONVERSION = YES;
				CLANG_WARN_INFINITE_RECURSION = YES;
				CLANG_WARN_INT_CONVERSION = YES;
				CLANG_WARN_NON_LITERAL_NULL_CONVERSION = YES;
				CLANG_WARN_OBJC_IMPLICIT_RETAIN_SELF = YES;
				CLANG_WARN_OBJC_LITERAL_CONVERSION = YES;
				CLANG_WARN_OBJC_ROOT_CLASS = YES_ERROR;
				CLANG_WARN_QUOTED_INCLUDE_IN_FRAMEWORK_HEADER = YES;
				CLANG_WARN_RANGE_LOOP_ANALYSIS = YES;
				CLANG_WARN_STRICT_PROTOTYPES = YES;
				CLANG_WARN_SUSPICIOUS_MOVE = YES;
				CLANG_WARN_UNGUARDED_AVAILABILITY = YES_AGGRESSIVE;
				CLANG_WARN_UNREACHABLE_CODE = YES;
				CLANG_WARN__DUPLICATE_METHOD_MATCH = YES;
				COPY_PHASE_STRIP = NO;
				DEBUG_INFORMATION_FORMAT = "dwarf-with-dsym";
				ENABLE_NS_ASSERTIONS = NO;
				ENABLE_STRICT_OBJC_MSGSEND = YES;
				GCC_C_LANGUAGE_STANDARD = gnu11;
				GCC_NO_COMMON_BLOCKS = YES;
				GCC_WARN_64_TO_32_BIT_CONVERSION = YES;
				GCC_WARN_ABOUT_RETURN_TYPE = YES_ERROR;
				GCC_WARN_UNDECLARED_SELECTOR = YES;
				GCC_WARN_UNINITIALIZED_AUTOS = YES_AGGRESSIVE;
				GCC_WARN_UNUSED_FUNCTION = YES;
				GCC_WARN_UNUSED_VARIABLE = YES;
				IPHONEOS_DEPLOYMENT_TARGET = 15.0;
				MTL_ENABLE_DEBUG_INFO = NO;
				MTL_FAST_MATH = YES;
				SDKROOT = iphoneos;
				SWIFT_COMPILATION_MODE = wholemodule;
				SWIFT_OPTIMIZATION_LEVEL = "-O";
				VALIDATE_PRODUCT = YES;
			};
			name = Release;
		};
		046B85FE278DFCD000BB5E6D /* Debug */ = {
			isa = XCBuildConfiguration;
			buildSettings = {
				ASSETCATALOG_COMPILER_APPICON_NAME = AppIcon;
				ASSETCATALOG_COMPILER_GLOBAL_ACCENT_COLOR_NAME = AccentColor;
				CODE_SIGN_STYLE = Automatic;
				CURRENT_PROJECT_VERSION = 1;
				GENERATE_INFOPLIST_FILE = YES;
				INFOPLIST_FILE = SpeerTechnologiesAssignment/Info.plist;
				INFOPLIST_KEY_UIApplicationSupportsIndirectInputEvents = YES;
				INFOPLIST_KEY_UILaunchStoryboardName = LaunchScreen;
				INFOPLIST_KEY_UIMainStoryboardFile = Main;
				INFOPLIST_KEY_UISupportedInterfaceOrientations_iPad = "UIInterfaceOrientationPortrait UIInterfaceOrientationPortraitUpsideDown UIInterfaceOrientationLandscapeLeft UIInterfaceOrientationLandscapeRight";
				INFOPLIST_KEY_UISupportedInterfaceOrientations_iPhone = "UIInterfaceOrientationPortrait UIInterfaceOrientationLandscapeLeft UIInterfaceOrientationLandscapeRight";
				LD_RUNPATH_SEARCH_PATHS = (
					"$(inherited)",
					"@executable_path/Frameworks",
				);
				MARKETING_VERSION = 1.0;
				PRODUCT_BUNDLE_IDENTIFIER = com.codewithhassan.SpeerTechnologiesAssignment;
				PRODUCT_NAME = "$(TARGET_NAME)";
				SWIFT_EMIT_LOC_STRINGS = YES;
				SWIFT_VERSION = 5.0;
				TARGETED_DEVICE_FAMILY = "1,2";
			};
			name = Debug;
		};
		046B85FF278DFCD000BB5E6D /* Release */ = {
			isa = XCBuildConfiguration;
			buildSettings = {
				ASSETCATALOG_COMPILER_APPICON_NAME = AppIcon;
				ASSETCATALOG_COMPILER_GLOBAL_ACCENT_COLOR_NAME = AccentColor;
				CODE_SIGN_STYLE = Automatic;
				CURRENT_PROJECT_VERSION = 1;
				GENERATE_INFOPLIST_FILE = YES;
				INFOPLIST_FILE = SpeerTechnologiesAssignment/Info.plist;
				INFOPLIST_KEY_UIApplicationSupportsIndirectInputEvents = YES;
				INFOPLIST_KEY_UILaunchStoryboardName = LaunchScreen;
				INFOPLIST_KEY_UIMainStoryboardFile = Main;
				INFOPLIST_KEY_UISupportedInterfaceOrientations_iPad = "UIInterfaceOrientationPortrait UIInterfaceOrientationPortraitUpsideDown UIInterfaceOrientationLandscapeLeft UIInterfaceOrientationLandscapeRight";
				INFOPLIST_KEY_UISupportedInterfaceOrientations_iPhone = "UIInterfaceOrientationPortrait UIInterfaceOrientationLandscapeLeft UIInterfaceOrientationLandscapeRight";
				LD_RUNPATH_SEARCH_PATHS = (
					"$(inherited)",
					"@executable_path/Frameworks",
				);
				MARKETING_VERSION = 1.0;
				PRODUCT_BUNDLE_IDENTIFIER = com.codewithhassan.SpeerTechnologiesAssignment;
				PRODUCT_NAME = "$(TARGET_NAME)";
				SWIFT_EMIT_LOC_STRINGS = YES;
				SWIFT_VERSION = 5.0;
				TARGETED_DEVICE_FAMILY = "1,2";
			};
			name = Release;
		};
		046B8601278DFCD000BB5E6D /* Debug */ = {
			isa = XCBuildConfiguration;
			buildSettings = {
				ALWAYS_EMBED_SWIFT_STANDARD_LIBRARIES = YES;
				BUNDLE_LOADER = "$(TEST_HOST)";
				CODE_SIGN_STYLE = Automatic;
				CURRENT_PROJECT_VERSION = 1;
				GENERATE_INFOPLIST_FILE = YES;
				IPHONEOS_DEPLOYMENT_TARGET = 15.0;
				LD_RUNPATH_SEARCH_PATHS = (
					"$(inherited)",
					"@executable_path/Frameworks",
					"@loader_path/Frameworks",
				);
				MARKETING_VERSION = 1.0;
				PRODUCT_BUNDLE_IDENTIFIER = com.codewithhassan.SpeerTechnologiesAssignmentTests;
				PRODUCT_NAME = "$(TARGET_NAME)";
				SWIFT_EMIT_LOC_STRINGS = NO;
				SWIFT_VERSION = 5.0;
				TARGETED_DEVICE_FAMILY = "1,2";
				TEST_HOST = "$(BUILT_PRODUCTS_DIR)/SpeerTechnologiesAssignment.app/SpeerTechnologiesAssignment";
			};
			name = Debug;
		};
		046B8602278DFCD000BB5E6D /* Release */ = {
			isa = XCBuildConfiguration;
			buildSettings = {
				ALWAYS_EMBED_SWIFT_STANDARD_LIBRARIES = YES;
				BUNDLE_LOADER = "$(TEST_HOST)";
				CODE_SIGN_STYLE = Automatic;
				CURRENT_PROJECT_VERSION = 1;
				GENERATE_INFOPLIST_FILE = YES;
				IPHONEOS_DEPLOYMENT_TARGET = 15.0;
				LD_RUNPATH_SEARCH_PATHS = (
					"$(inherited)",
					"@executable_path/Frameworks",
					"@loader_path/Frameworks",
				);
				MARKETING_VERSION = 1.0;
				PRODUCT_BUNDLE_IDENTIFIER = com.codewithhassan.SpeerTechnologiesAssignmentTests;
				PRODUCT_NAME = "$(TARGET_NAME)";
				SWIFT_EMIT_LOC_STRINGS = NO;
				SWIFT_VERSION = 5.0;
				TARGETED_DEVICE_FAMILY = "1,2";
				TEST_HOST = "$(BUILT_PRODUCTS_DIR)/SpeerTechnologiesAssignment.app/SpeerTechnologiesAssignment";
			};
			name = Release;
		};
		046B8604278DFCD000BB5E6D /* Debug */ = {
			isa = XCBuildConfiguration;
			buildSettings = {
				ALWAYS_EMBED_SWIFT_STANDARD_LIBRARIES = YES;
				CODE_SIGN_STYLE = Automatic;
				CURRENT_PROJECT_VERSION = 1;
				GENERATE_INFOPLIST_FILE = YES;
				LD_RUNPATH_SEARCH_PATHS = (
					"$(inherited)",
					"@executable_path/Frameworks",
					"@loader_path/Frameworks",
				);
				MARKETING_VERSION = 1.0;
				PRODUCT_BUNDLE_IDENTIFIER = com.codewithhassan.SpeerTechnologiesAssignmentUITests;
				PRODUCT_NAME = "$(TARGET_NAME)";
				SWIFT_EMIT_LOC_STRINGS = NO;
				SWIFT_VERSION = 5.0;
				TARGETED_DEVICE_FAMILY = "1,2";
				TEST_TARGET_NAME = SpeerTechnologiesAssignment;
			};
			name = Debug;
		};
		046B8605278DFCD000BB5E6D /* Release */ = {
			isa = XCBuildConfiguration;
			buildSettings = {
				ALWAYS_EMBED_SWIFT_STANDARD_LIBRARIES = YES;
				CODE_SIGN_STYLE = Automatic;
				CURRENT_PROJECT_VERSION = 1;
				GENERATE_INFOPLIST_FILE = YES;
				LD_RUNPATH_SEARCH_PATHS = (
					"$(inherited)",
					"@executable_path/Frameworks",
					"@loader_path/Frameworks",
				);
				MARKETING_VERSION = 1.0;
				PRODUCT_BUNDLE_IDENTIFIER = com.codewithhassan.SpeerTechnologiesAssignmentUITests;
				PRODUCT_NAME = "$(TARGET_NAME)";
				SWIFT_EMIT_LOC_STRINGS = NO;
				SWIFT_VERSION = 5.0;
				TARGETED_DEVICE_FAMILY = "1,2";
				TEST_TARGET_NAME = SpeerTechnologiesAssignment;
			};
			name = Release;
		};
/* End XCBuildConfiguration section */

/* Begin XCConfigurationList section */
		046B85CE278DFCCD00BB5E6D /* Build configuration list for PBXProject "SpeerTechnologiesAssignment" */ = {
			isa = XCConfigurationList;
			buildConfigurations = (
				046B85FB278DFCD000BB5E6D /* Debug */,
				046B85FC278DFCD000BB5E6D /* Release */,
			);
			defaultConfigurationIsVisible = 0;
			defaultConfigurationName = Release;
		};
		046B85FD278DFCD000BB5E6D /* Build configuration list for PBXNativeTarget "SpeerTechnologiesAssignment" */ = {
			isa = XCConfigurationList;
			buildConfigurations = (
				046B85FE278DFCD000BB5E6D /* Debug */,
				046B85FF278DFCD000BB5E6D /* Release */,
			);
			defaultConfigurationIsVisible = 0;
			defaultConfigurationName = Release;
		};
		046B8600278DFCD000BB5E6D /* Build configuration list for PBXNativeTarget "SpeerTechnologiesAssignmentTests" */ = {
			isa = XCConfigurationList;
			buildConfigurations = (
				046B8601278DFCD000BB5E6D /* Debug */,
				046B8602278DFCD000BB5E6D /* Release */,
			);
			defaultConfigurationIsVisible = 0;
			defaultConfigurationName = Release;
		};
		046B8603278DFCD000BB5E6D /* Build configuration list for PBXNativeTarget "SpeerTechnologiesAssignmentUITests" */ = {
			isa = XCConfigurationList;
			buildConfigurations = (
				046B8604278DFCD000BB5E6D /* Debug */,
				046B8605278DFCD000BB5E6D /* Release */,
			);
			defaultConfigurationIsVisible = 0;
			defaultConfigurationName = Release;
		};
/* End XCConfigurationList section */

/* Begin XCRemoteSwiftPackageReference section */
		046BFEFD278EF0D60051EC63 /* XCRemoteSwiftPackageReference "IHProgressHUD" */ = {
			isa = XCRemoteSwiftPackageReference;
			repositoryURL = "https://github.com/Swiftify-Corp/IHProgressHUD.git";
			requirement = {
				kind = upToNextMajorVersion;
				minimumVersion = 0.1.5;
			};
		};
		046BFF00278EF5370051EC63 /* XCRemoteSwiftPackageReference "Kingfisher" */ = {
			isa = XCRemoteSwiftPackageReference;
			repositoryURL = "https://github.com/onevcat/Kingfisher.git";
			requirement = {
				kind = upToNextMajorVersion;
				minimumVersion = 7.0.0;
			};
		};
/* End XCRemoteSwiftPackageReference section */

/* Begin XCSwiftPackageProductDependency section */
		046BFEFE278EF0D60051EC63 /* IHProgressHUD */ = {
			isa = XCSwiftPackageProductDependency;
			package = 046BFEFD278EF0D60051EC63 /* XCRemoteSwiftPackageReference "IHProgressHUD" */;
			productName = IHProgressHUD;
		};
		046BFF01278EF5370051EC63 /* Kingfisher */ = {
			isa = XCSwiftPackageProductDependency;
			package = 046BFF00278EF5370051EC63 /* XCRemoteSwiftPackageReference "Kingfisher" */;
			productName = Kingfisher;
		};
/* End XCSwiftPackageProductDependency section */
	};
	rootObject = 046B85CB278DFCCD00BB5E6D /* Project object */;
}
